
Microsoft Visual Studio Solution File, Format Version 12.00
# Visual Studio Version 17
VisualStudioVersion = 17.9.34728.123
MinimumVisualStudioVersion = 10.0.40219.1
Project("{FAE04EC0-301F-11D3-BF4B-00C04F79EFBC}") = "TaskMaster", "TaskMaster\TaskMaster.csproj", "{2EB438E2-DD02-404E-AAE2-2EE7B0E0A081}"
EndProject
Global
	GlobalSection(SolutionConfigurationPlatforms) = preSolution
		Debug|Any CPU = Debug|Any CPU
		Release|Any CPU = Release|Any CPU
	EndGlobalSection
	GlobalSection(ProjectConfigurationPlatforms) = postSolution
		{2EB438E2-DD02-404E-AAE2-2EE7B0E0A081}.Debug|Any CPU.ActiveCfg = Debug|Any CPU
		{2EB438E2-DD02-404E-AAE2-2EE7B0E0A081}.Debug|Any CPU.Build.0 = Debug|Any CPU
		{2EB438E2-DD02-404E-AAE2-2EE7B0E0A081}.Release|Any CPU.ActiveCfg = Release|Any CPU
		{2EB438E2-DD02-404E-AAE2-2EE7B0E0A081}.Release|Any CPU.Build.0 = Release|Any CPU
	EndGlobalSection
	GlobalSection(SolutionProperties) = preSolution
		HideSolutionNode = FALSE
	EndGlobalSection
	GlobalSection(ExtensibilityGlobals) = postSolution
		SolutionGuid = {5A87CD90-36F7-4432-93BC-D6464293EFE0}
	EndGlobalSection
EndGlobal
